// !$*UTF8*$!
{
	archiveVersion = 1;
	classes = {
	};
	objectVersion = 50;
	objects = {

/* Begin PBXBuildFile section */
		17355971214585BC00716916 /* delete.png in Resources */ = {isa = PBXBuildFile; fileRef = 17355970214585BC00716916 /* delete.png */; };
		173559772145887D00716916 /* icons8-globe-25.png in Resources */ = {isa = PBXBuildFile; fileRef = 173559762145887D00716916 /* icons8-globe-25.png */; };
		173559792145890200716916 /* icons8-clear-symbol-25.png in Resources */ = {isa = PBXBuildFile; fileRef = 173559782145890200716916 /* icons8-clear-symbol-25.png */; };
		1735597B2145894D00716916 /* icons8-happy-filled-25.png in Resources */ = {isa = PBXBuildFile; fileRef = 1735597A2145894D00716916 /* icons8-happy-filled-25.png */; };
		1735597D21458A0E00716916 /* icons8-backspace-filled-25.png in Resources */ = {isa = PBXBuildFile; fileRef = 1735597C21458A0E00716916 /* icons8-backspace-filled-25.png */; };
		17E59AB621A05B8D00E920B6 /* ViewController.swift in Sources */ = {isa = PBXBuildFile; fileRef = 17FBA417213D8DDF0055C300 /* ViewController.swift */; };
		17E59ABB21A05D6E00E920B6 /* Assets.xcassets in Resources */ = {isa = PBXBuildFile; fileRef = 17FBA41C213D8DE20055C300 /* Assets.xcassets */; };
		17E59AC321A0829300E920B6 /* Data.swift in Sources */ = {isa = PBXBuildFile; fileRef = 17E59AC221A0829300E920B6 /* Data.swift */; };
		17E59AC421A086AF00E920B6 /* Data.swift in Sources */ = {isa = PBXBuildFile; fileRef = 17E59AC221A0829300E920B6 /* Data.swift */; };
		17E7199F218A082F008F1EA1 /* AppDelegate.swift in Sources */ = {isa = PBXBuildFile; fileRef = 17FBA415213D8DDF0055C300 /* AppDelegate.swift */; };
		17E719A0218A0861008F1EA1 /* KeyboardViewController.swift in Sources */ = {isa = PBXBuildFile; fileRef = 17FBA42D213D8E2E0055C300 /* KeyboardViewController.swift */; };
		17FBA416213D8DDF0055C300 /* AppDelegate.swift in Sources */ = {isa = PBXBuildFile; fileRef = 17FBA415213D8DDF0055C300 /* AppDelegate.swift */; };
		17FBA418213D8DDF0055C300 /* ViewController.swift in Sources */ = {isa = PBXBuildFile; fileRef = 17FBA417213D8DDF0055C300 /* ViewController.swift */; };
		17FBA41B213D8DDF0055C300 /* Main.storyboard in Resources */ = {isa = PBXBuildFile; fileRef = 17FBA419213D8DDF0055C300 /* Main.storyboard */; };
		17FBA41D213D8DE20055C300 /* Assets.xcassets in Resources */ = {isa = PBXBuildFile; fileRef = 17FBA41C213D8DE20055C300 /* Assets.xcassets */; };
		17FBA420213D8DE20055C300 /* LaunchScreen.storyboard in Resources */ = {isa = PBXBuildFile; fileRef = 17FBA41E213D8DE20055C300 /* LaunchScreen.storyboard */; };
		17FBA42E213D8E2E0055C300 /* KeyboardViewController.swift in Sources */ = {isa = PBXBuildFile; fileRef = 17FBA42D213D8E2E0055C300 /* KeyboardViewController.swift */; };
		17FBA432213D8E2E0055C300 /* vibolKeyboard.appex in Embed App Extensions */ = {isa = PBXBuildFile; fileRef = 17FBA42B213D8E2E0055C300 /* vibolKeyboard.appex */; settings = {ATTRIBUTES = (RemoveHeadersOnCopy, ); }; };
		17FBA438213D91230055C300 /* keyboardView.xib in Resources */ = {isa = PBXBuildFile; fileRef = 17FBA437213D91230055C300 /* keyboardView.xib */; };
		333E1E43BFD6F288044A6077 /* Pods_vibolKhmerKeyboard.framework in Frameworks */ = {isa = PBXBuildFile; fileRef = D66A985A8B2CE3FD318606BC /* Pods_vibolKhmerKeyboard.framework */; };
		770A806E602831A7B68D4BD6 /* Pods_vibolKeyboard.framework in Frameworks */ = {isa = PBXBuildFile; fileRef = DC45A4724024DB187F307B4B /* Pods_vibolKeyboard.framework */; };
/* End PBXBuildFile section */

/* Begin PBXContainerItemProxy section */
		17FBA430213D8E2E0055C300 /* PBXContainerItemProxy */ = {
			isa = PBXContainerItemProxy;
			containerPortal = 17FBA40A213D8DDF0055C300 /* Project object */;
			proxyType = 1;
			remoteGlobalIDString = 17FBA42A213D8E2E0055C300;
			remoteInfo = vibolKeyboard;
		};
/* End PBXContainerItemProxy section */

/* Begin PBXCopyFilesBuildPhase section */
		17FBA436213D8E2E0055C300 /* Embed App Extensions */ = {
			isa = PBXCopyFilesBuildPhase;
			buildActionMask = 2147483647;
			dstPath = "";
			dstSubfolderSpec = 13;
			files = (
				17FBA432213D8E2E0055C300 /* vibolKeyboard.appex in Embed App Extensions */,
			);
			name = "Embed App Extensions";
			runOnlyForDeploymentPostprocessing = 0;
		};
/* End PBXCopyFilesBuildPhase section */

/* Begin PBXFileReference section */
		17355970214585BC00716916 /* delete.png */ = {isa = PBXFileReference; lastKnownFileType = image.png; path = delete.png; sourceTree = "<group>"; };
		17355972214587BD00716916 /* next.png */ = {isa = PBXFileReference; lastKnownFileType = image.png; path = next.png; sourceTree = "<group>"; };
		173559742145882100716916 /* nextkeyboard.png */ = {isa = PBXFileReference; lastKnownFileType = image.png; path = nextkeyboard.png; sourceTree = "<group>"; };
		173559762145887D00716916 /* icons8-globe-25.png */ = {isa = PBXFileReference; lastKnownFileType = image.png; path = "icons8-globe-25.png"; sourceTree = "<group>"; };
		173559782145890200716916 /* icons8-clear-symbol-25.png */ = {isa = PBXFileReference; lastKnownFileType = image.png; path = "icons8-clear-symbol-25.png"; sourceTree = "<group>"; };
		1735597A2145894D00716916 /* icons8-happy-filled-25.png */ = {isa = PBXFileReference; lastKnownFileType = image.png; path = "icons8-happy-filled-25.png"; sourceTree = "<group>"; };
		1735597C21458A0E00716916 /* icons8-backspace-filled-25.png */ = {isa = PBXFileReference; lastKnownFileType = image.png; path = "icons8-backspace-filled-25.png"; sourceTree = "<group>"; };
		17E59AB521A059FA00E920B6 /* vibolKeyboard.entitlements */ = {isa = PBXFileReference; lastKnownFileType = text.plist.entitlements; path = vibolKeyboard.entitlements; sourceTree = "<group>"; };
		17E59AC221A0829300E920B6 /* Data.swift */ = {isa = PBXFileReference; lastKnownFileType = sourcecode.swift; path = Data.swift; sourceTree = "<group>"; };
		17E719A4218A1D7E008F1EA1 /* vibolKhmerKeyboard.entitlements */ = {isa = PBXFileReference; lastKnownFileType = text.plist.entitlements; path = vibolKhmerKeyboard.entitlements; sourceTree = "<group>"; };
		17FBA412213D8DDF0055C300 /* vibolKhmerKeyboard.app */ = {isa = PBXFileReference; explicitFileType = wrapper.application; includeInIndex = 0; path = vibolKhmerKeyboard.app; sourceTree = BUILT_PRODUCTS_DIR; };
		17FBA415213D8DDF0055C300 /* AppDelegate.swift */ = {isa = PBXFileReference; lastKnownFileType = sourcecode.swift; path = AppDelegate.swift; sourceTree = "<group>"; };
		17FBA417213D8DDF0055C300 /* ViewController.swift */ = {isa = PBXFileReference; lastKnownFileType = sourcecode.swift; path = ViewController.swift; sourceTree = "<group>"; };
		17FBA41A213D8DDF0055C300 /* Base */ = {isa = PBXFileReference; lastKnownFileType = file.storyboard; name = Base; path = Base.lproj/Main.storyboard; sourceTree = "<group>"; };
		17FBA41C213D8DE20055C300 /* Assets.xcassets */ = {isa = PBXFileReference; lastKnownFileType = folder.assetcatalog; path = Assets.xcassets; sourceTree = "<group>"; };
		17FBA41F213D8DE20055C300 /* Base */ = {isa = PBXFileReference; lastKnownFileType = file.storyboard; name = Base; path = Base.lproj/LaunchScreen.storyboard; sourceTree = "<group>"; };
		17FBA421213D8DE20055C300 /* Info.plist */ = {isa = PBXFileReference; lastKnownFileType = text.plist.xml; path = Info.plist; sourceTree = "<group>"; };
		17FBA42B213D8E2E0055C300 /* vibolKeyboard.appex */ = {isa = PBXFileReference; explicitFileType = "wrapper.app-extension"; includeInIndex = 0; path = vibolKeyboard.appex; sourceTree = BUILT_PRODUCTS_DIR; };
		17FBA42D213D8E2E0055C300 /* KeyboardViewController.swift */ = {isa = PBXFileReference; lastKnownFileType = sourcecode.swift; path = KeyboardViewController.swift; sourceTree = "<group>"; };
		17FBA42F213D8E2E0055C300 /* Info.plist */ = {isa = PBXFileReference; lastKnownFileType = text.plist.xml; path = Info.plist; sourceTree = "<group>"; };
		17FBA437213D91230055C300 /* keyboardView.xib */ = {isa = PBXFileReference; lastKnownFileType = file.xib; path = keyboardView.xib; sourceTree = "<group>"; };
		B86D77DA586FF3128247F6FC /* Pods-vibolKhmerKeyboard.debug.xcconfig */ = {isa = PBXFileReference; includeInIndex = 1; lastKnownFileType = text.xcconfig; name = "Pods-vibolKhmerKeyboard.debug.xcconfig"; path = "Pods/Target Support Files/Pods-vibolKhmerKeyboard/Pods-vibolKhmerKeyboard.debug.xcconfig"; sourceTree = "<group>"; };
		D66A985A8B2CE3FD318606BC /* Pods_vibolKhmerKeyboard.framework */ = {isa = PBXFileReference; explicitFileType = wrapper.framework; includeInIndex = 0; path = Pods_vibolKhmerKeyboard.framework; sourceTree = BUILT_PRODUCTS_DIR; };
		DC45A4724024DB187F307B4B /* Pods_vibolKeyboard.framework */ = {isa = PBXFileReference; explicitFileType = wrapper.framework; includeInIndex = 0; path = Pods_vibolKeyboard.framework; sourceTree = BUILT_PRODUCTS_DIR; };
		DE6169B4E6A16D7AA0AE4CD4 /* Pods-vibolKeyboard.release.xcconfig */ = {isa = PBXFileReference; includeInIndex = 1; lastKnownFileType = text.xcconfig; name = "Pods-vibolKeyboard.release.xcconfig"; path = "Pods/Target Support Files/Pods-vibolKeyboard/Pods-vibolKeyboard.release.xcconfig"; sourceTree = "<group>"; };
		E14790DE72B16AE332B3722A /* Pods-vibolKeyboard.debug.xcconfig */ = {isa = PBXFileReference; includeInIndex = 1; lastKnownFileType = text.xcconfig; name = "Pods-vibolKeyboard.debug.xcconfig"; path = "Pods/Target Support Files/Pods-vibolKeyboard/Pods-vibolKeyboard.debug.xcconfig"; sourceTree = "<group>"; };
		FBD9409B67C77E819CCAFC83 /* Pods-vibolKhmerKeyboard.release.xcconfig */ = {isa = PBXFileReference; includeInIndex = 1; lastKnownFileType = text.xcconfig; name = "Pods-vibolKhmerKeyboard.release.xcconfig"; path = "Pods/Target Support Files/Pods-vibolKhmerKeyboard/Pods-vibolKhmerKeyboard.release.xcconfig"; sourceTree = "<group>"; };
/* End PBXFileReference section */

/* Begin PBXFrameworksBuildPhase section */
		17FBA40F213D8DDF0055C300 /* Frameworks */ = {
			isa = PBXFrameworksBuildPhase;
			buildActionMask = 2147483647;
			files = (
				333E1E43BFD6F288044A6077 /* Pods_vibolKhmerKeyboard.framework in Frameworks */,
			);
			runOnlyForDeploymentPostprocessing = 0;
		};
		17FBA428213D8E2E0055C300 /* Frameworks */ = {
			isa = PBXFrameworksBuildPhase;
			buildActionMask = 2147483647;
			files = (
				770A806E602831A7B68D4BD6 /* Pods_vibolKeyboard.framework in Frameworks */,
			);
			runOnlyForDeploymentPostprocessing = 0;
		};
/* End PBXFrameworksBuildPhase section */

/* Begin PBXGroup section */
		17FBA409213D8DDF0055C300 = {
			isa = PBXGroup;
			children = (
				1735597C21458A0E00716916 /* icons8-backspace-filled-25.png */,
				1735597A2145894D00716916 /* icons8-happy-filled-25.png */,
				173559782145890200716916 /* icons8-clear-symbol-25.png */,
				173559762145887D00716916 /* icons8-globe-25.png */,
				173559742145882100716916 /* nextkeyboard.png */,
				17355972214587BD00716916 /* next.png */,
				17355970214585BC00716916 /* delete.png */,
				17FBA414213D8DDF0055C300 /* vibolKhmerKeyboard */,
				17FBA42C213D8E2E0055C300 /* vibolKeyboard */,
				17FBA413213D8DDF0055C300 /* Products */,
				CC8F7BBD309D822F02B32320 /* Pods */,
				C1B64167AF84471DF3C7215B /* Frameworks */,
			);
			sourceTree = "<group>";
		};
		17FBA413213D8DDF0055C300 /* Products */ = {
			isa = PBXGroup;
			children = (
				17FBA412213D8DDF0055C300 /* vibolKhmerKeyboard.app */,
				17FBA42B213D8E2E0055C300 /* vibolKeyboard.appex */,
			);
			name = Products;
			sourceTree = "<group>";
		};
		17FBA414213D8DDF0055C300 /* vibolKhmerKeyboard */ = {
			isa = PBXGroup;
			children = (
				17E719A4218A1D7E008F1EA1 /* vibolKhmerKeyboard.entitlements */,
				17FBA415213D8DDF0055C300 /* AppDelegate.swift */,
				17FBA417213D8DDF0055C300 /* ViewController.swift */,
				17FBA419213D8DDF0055C300 /* Main.storyboard */,
				17FBA41C213D8DE20055C300 /* Assets.xcassets */,
				17FBA41E213D8DE20055C300 /* LaunchScreen.storyboard */,
				17FBA421213D8DE20055C300 /* Info.plist */,
				17E59AC221A0829300E920B6 /* Data.swift */,
			);
			path = vibolKhmerKeyboard;
			sourceTree = "<group>";
		};
		17FBA42C213D8E2E0055C300 /* vibolKeyboard */ = {
			isa = PBXGroup;
			children = (
				17E59AB521A059FA00E920B6 /* vibolKeyboard.entitlements */,
				17FBA42D213D8E2E0055C300 /* KeyboardViewController.swift */,
				17FBA42F213D8E2E0055C300 /* Info.plist */,
				17FBA437213D91230055C300 /* keyboardView.xib */,
			);
			path = vibolKeyboard;
			sourceTree = "<group>";
		};
		C1B64167AF84471DF3C7215B /* Frameworks */ = {
			isa = PBXGroup;
			children = (
				DC45A4724024DB187F307B4B /* Pods_vibolKeyboard.framework */,
				D66A985A8B2CE3FD318606BC /* Pods_vibolKhmerKeyboard.framework */,
			);
			name = Frameworks;
			sourceTree = "<group>";
		};
		CC8F7BBD309D822F02B32320 /* Pods */ = {
			isa = PBXGroup;
			children = (
				E14790DE72B16AE332B3722A /* Pods-vibolKeyboard.debug.xcconfig */,
				DE6169B4E6A16D7AA0AE4CD4 /* Pods-vibolKeyboard.release.xcconfig */,
				B86D77DA586FF3128247F6FC /* Pods-vibolKhmerKeyboard.debug.xcconfig */,
				FBD9409B67C77E819CCAFC83 /* Pods-vibolKhmerKeyboard.release.xcconfig */,
			);
			name = Pods;
			sourceTree = "<group>";
		};
/* End PBXGroup section */

/* Begin PBXNativeTarget section */
		17FBA411213D8DDF0055C300 /* vibolKhmerKeyboard */ = {
			isa = PBXNativeTarget;
			buildConfigurationList = 17FBA424213D8DE20055C300 /* Build configuration list for PBXNativeTarget "vibolKhmerKeyboard" */;
			buildPhases = (
				614A7CB8242FBA869D15538C /* [CP] Check Pods Manifest.lock */,
				17FBA40E213D8DDF0055C300 /* Sources */,
				17FBA40F213D8DDF0055C300 /* Frameworks */,
				17FBA410213D8DDF0055C300 /* Resources */,
				17FBA436213D8E2E0055C300 /* Embed App Extensions */,
				2F473A7BA709A6CC599C8602 /* [CP] Embed Pods Frameworks */,
			);
			buildRules = (
			);
			dependencies = (
				17FBA431213D8E2E0055C300 /* PBXTargetDependency */,
			);
			name = vibolKhmerKeyboard;
			productName = vibolKhmerKeyboard;
			productReference = 17FBA412213D8DDF0055C300 /* vibolKhmerKeyboard.app */;
			productType = "com.apple.product-type.application";
		};
		17FBA42A213D8E2E0055C300 /* vibolKeyboard */ = {
			isa = PBXNativeTarget;
			buildConfigurationList = 17FBA433213D8E2E0055C300 /* Build configuration list for PBXNativeTarget "vibolKeyboard" */;
			buildPhases = (
				630157E8D60B0FE0946EF845 /* [CP] Check Pods Manifest.lock */,
				17FBA427213D8E2E0055C300 /* Sources */,
				17FBA428213D8E2E0055C300 /* Frameworks */,
				17FBA429213D8E2E0055C300 /* Resources */,
			);
			buildRules = (
			);
			dependencies = (
			);
			name = vibolKeyboard;
			productName = vibolKeyboard;
			productReference = 17FBA42B213D8E2E0055C300 /* vibolKeyboard.appex */;
			productType = "com.apple.product-type.app-extension";
		};
/* End PBXNativeTarget section */

/* Begin PBXProject section */
		17FBA40A213D8DDF0055C300 /* Project object */ = {
			isa = PBXProject;
			attributes = {
				LastSwiftUpdateCheck = 0940;
				LastUpgradeCheck = 0940;
				ORGANIZATIONNAME = "Vibol Roeun";
				TargetAttributes = {
					17FBA411213D8DDF0055C300 = {
						CreatedOnToolsVersion = 9.4.1;
						LastSwiftMigration = 1000;
						SystemCapabilities = {
							com.apple.ApplicationGroups.iOS = {
								enabled = 1;
							};
						};
					};
					17FBA42A213D8E2E0055C300 = {
						CreatedOnToolsVersion = 9.4.1;
						LastSwiftMigration = 1000;
						SystemCapabilities = {
							com.apple.ApplicationGroups.iOS = {
								enabled = 1;
							};
						};
					};
				};
			};
			buildConfigurationList = 17FBA40D213D8DDF0055C300 /* Build configuration list for PBXProject "vibolKhmerKeyboard" */;
			compatibilityVersion = "Xcode 9.3";
			developmentRegion = en;
			hasScannedForEncodings = 0;
			knownRegions = (
				en,
				Base,
			);
			mainGroup = 17FBA409213D8DDF0055C300;
			productRefGroup = 17FBA413213D8DDF0055C300 /* Products */;
			projectDirPath = "";
			projectRoot = "";
			targets = (
				17FBA411213D8DDF0055C300 /* vibolKhmerKeyboard */,
				17FBA42A213D8E2E0055C300 /* vibolKeyboard */,
			);
		};
/* End PBXProject section */

/* Begin PBXResourcesBuildPhase section */
		17FBA410213D8DDF0055C300 /* Resources */ = {
			isa = PBXResourcesBuildPhase;
			buildActionMask = 2147483647;
			files = (
				17FBA420213D8DE20055C300 /* LaunchScreen.storyboard in Resources */,
				17FBA41D213D8DE20055C300 /* Assets.xcassets in Resources */,
				17FBA41B213D8DDF0055C300 /* Main.storyboard in Resources */,
			);
			runOnlyForDeploymentPostprocessing = 0;
		};
		17FBA429213D8E2E0055C300 /* Resources */ = {
			isa = PBXResourcesBuildPhase;
			buildActionMask = 2147483647;
			files = (
				1735597B2145894D00716916 /* icons8-happy-filled-25.png in Resources */,
				17FBA438213D91230055C300 /* keyboardView.xib in Resources */,
				17355971214585BC00716916 /* delete.png in Resources */,
				173559772145887D00716916 /* icons8-globe-25.png in Resources */,
				17E59ABB21A05D6E00E920B6 /* Assets.xcassets in Resources */,
				1735597D21458A0E00716916 /* icons8-backspace-filled-25.png in Resources */,
				173559792145890200716916 /* icons8-clear-symbol-25.png in Resources */,
			);
			runOnlyForDeploymentPostprocessing = 0;
		};
/* End PBXResourcesBuildPhase section */

/* Begin PBXShellScriptBuildPhase section */
		2F473A7BA709A6CC599C8602 /* [CP] Embed Pods Frameworks */ = {
			isa = PBXShellScriptBuildPhase;
			buildActionMask = 2147483647;
			files = (
			);
			inputPaths = (
				"${SRCROOT}/Pods/Target Support Files/Pods-vibolKhmerKeyboard/Pods-vibolKhmerKeyboard-frameworks.sh",
				"${BUILT_PRODUCTS_DIR}/Realm/Realm.framework",
				"${BUILT_PRODUCTS_DIR}/RealmSwift/RealmSwift.framework",
			);
			name = "[CP] Embed Pods Frameworks";
			outputPaths = (
				"${TARGET_BUILD_DIR}/${FRAMEWORKS_FOLDER_PATH}/Realm.framework",
				"${TARGET_BUILD_DIR}/${FRAMEWORKS_FOLDER_PATH}/RealmSwift.framework",
			);
			runOnlyForDeploymentPostprocessing = 0;
			shellPath = /bin/sh;
			shellScript = "\"${SRCROOT}/Pods/Target Support Files/Pods-vibolKhmerKeyboard/Pods-vibolKhmerKeyboard-frameworks.sh\"\n";
			showEnvVarsInLog = 0;
		};
		614A7CB8242FBA869D15538C /* [CP] Check Pods Manifest.lock */ = {
			isa = PBXShellScriptBuildPhase;
			buildActionMask = 2147483647;
			files = (
			);
			inputPaths = (
				"${PODS_PODFILE_DIR_PATH}/Podfile.lock",
				"${PODS_ROOT}/Manifest.lock",
			);
			name = "[CP] Check Pods Manifest.lock";
			outputPaths = (
				"$(DERIVED_FILE_DIR)/Pods-vibolKhmerKeyboard-checkManifestLockResult.txt",
			);
			runOnlyForDeploymentPostprocessing = 0;
			shellPath = /bin/sh;
			shellScript = "diff \"${PODS_PODFILE_DIR_PATH}/Podfile.lock\" \"${PODS_ROOT}/Manifest.lock\" > /dev/null\nif [ $? != 0 ] ; then\n    # print error to STDERR\n    echo \"error: The sandbox is not in sync with the Podfile.lock. Run 'pod install' or update your CocoaPods installation.\" >&2\n    exit 1\nfi\n# This output is used by Xcode 'outputs' to avoid re-running this script phase.\necho \"SUCCESS\" > \"${SCRIPT_OUTPUT_FILE_0}\"\n";
			showEnvVarsInLog = 0;
		};
		630157E8D60B0FE0946EF845 /* [CP] Check Pods Manifest.lock */ = {
			isa = PBXShellScriptBuildPhase;
			buildActionMask = 2147483647;
			files = (
			);
			inputPaths = (
				"${PODS_PODFILE_DIR_PATH}/Podfile.lock",
				"${PODS_ROOT}/Manifest.lock",
			);
			name = "[CP] Check Pods Manifest.lock";
			outputPaths = (
				"$(DERIVED_FILE_DIR)/Pods-vibolKeyboard-checkManifestLockResult.txt",
			);
			runOnlyForDeploymentPostprocessing = 0;
			shellPath = /bin/sh;
			shellScript = "diff \"${PODS_PODFILE_DIR_PATH}/Podfile.lock\" \"${PODS_ROOT}/Manifest.lock\" > /dev/null\nif [ $? != 0 ] ; then\n    # print error to STDERR\n    echo \"error: The sandbox is not in sync with the Podfile.lock. Run 'pod install' or update your CocoaPods installation.\" >&2\n    exit 1\nfi\n# This output is used by Xcode 'outputs' to avoid re-running this script phase.\necho \"SUCCESS\" > \"${SCRIPT_OUTPUT_FILE_0}\"\n";
			showEnvVarsInLog = 0;
		};
/* End PBXShellScriptBuildPhase section */

/* Begin PBXSourcesBuildPhase section */
		17FBA40E213D8DDF0055C300 /* Sources */ = {
			isa = PBXSourcesBuildPhase;
			buildActionMask = 2147483647;
			files = (
				17E59AC421A086AF00E920B6 /* Data.swift in Sources */,
				17FBA418213D8DDF0055C300 /* ViewController.swift in Sources */,
				17FBA416213D8DDF0055C300 /* AppDelegate.swift in Sources */,
				17E719A0218A0861008F1EA1 /* KeyboardViewController.swift in Sources */,
			);
			runOnlyForDeploymentPostprocessing = 0;
		};
		17FBA427213D8E2E0055C300 /* Sources */ = {
			isa = PBXSourcesBuildPhase;
			buildActionMask = 2147483647;
			files = (
				17E59AB621A05B8D00E920B6 /* ViewController.swift in Sources */,
				17E59AC321A0829300E920B6 /* Data.swift in Sources */,
				17E7199F218A082F008F1EA1 /* AppDelegate.swift in Sources */,
				17FBA42E213D8E2E0055C300 /* KeyboardViewController.swift in Sources */,
			);
			runOnlyForDeploymentPostprocessing = 0;
		};
/* End PBXSourcesBuildPhase section */

/* Begin PBXTargetDependency section */
		17FBA431213D8E2E0055C300 /* PBXTargetDependency */ = {
			isa = PBXTargetDependency;
			target = 17FBA42A213D8E2E0055C300 /* vibolKeyboard */;
			targetProxy = 17FBA430213D8E2E0055C300 /* PBXContainerItemProxy */;
		};
/* End PBXTargetDependency section */

/* Begin PBXVariantGroup section */
		17FBA419213D8DDF0055C300 /* Main.storyboard */ = {
			isa = PBXVariantGroup;
			children = (
				17FBA41A213D8DDF0055C300 /* Base */,
			);
			name = Main.storyboard;
			sourceTree = "<group>";
		};
		17FBA41E213D8DE20055C300 /* LaunchScreen.storyboard */ = {
			isa = PBXVariantGroup;
			children = (
				17FBA41F213D8DE20055C300 /* Base */,
			);
			name = LaunchScreen.storyboard;
			sourceTree = "<group>";
		};
/* End PBXVariantGroup section */

/* Begin XCBuildConfiguration section */
		17FBA422213D8DE20055C300 /* Debug */ = {
			isa = XCBuildConfiguration;
			buildSettings = {
				ALWAYS_SEARCH_USER_PATHS = NO;
				APPLICATION_EXTENSION_API_ONLY = NO;
				CLANG_ANALYZER_NONNULL = YES;
				CLANG_ANALYZER_NUMBER_OBJECT_CONVERSION = YES_AGGRESSIVE;
				CLANG_CXX_LANGUAGE_STANDARD = "gnu++14";
				CLANG_CXX_LIBRARY = "libc++";
				CLANG_ENABLE_MODULES = YES;
				CLANG_ENABLE_OBJC_ARC = YES;
				CLANG_ENABLE_OBJC_WEAK = YES;
				CLANG_WARN_BLOCK_CAPTURE_AUTORELEASING = YES;
				CLANG_WARN_BOOL_CONVERSION = YES;
				CLANG_WARN_COMMA = YES;
				CLANG_WARN_CONSTANT_CONVERSION = YES;
				CLANG_WARN_DEPRECATED_OBJC_IMPLEMENTATIONS = YES;
				CLANG_WARN_DIRECT_OBJC_ISA_USAGE = YES_ERROR;
				CLANG_WARN_DOCUMENTATION_COMMENTS = YES;
				CLANG_WARN_EMPTY_BODY = YES;
				CLANG_WARN_ENUM_CONVERSION = YES;
				CLANG_WARN_INFINITE_RECURSION = YES;
				CLANG_WARN_INT_CONVERSION = YES;
				CLANG_WARN_NON_LITERAL_NULL_CONVERSION = YES;
				CLANG_WARN_OBJC_IMPLICIT_RETAIN_SELF = YES;
				CLANG_WARN_OBJC_LITERAL_CONVERSION = YES;
				CLANG_WARN_OBJC_ROOT_CLASS = YES_ERROR;
				CLANG_WARN_RANGE_LOOP_ANALYSIS = YES;
				CLANG_WARN_STRICT_PROTOTYPES = YES;
				CLANG_WARN_SUSPICIOUS_MOVE = YES;
				CLANG_WARN_UNGUARDED_AVAILABILITY = YES_AGGRESSIVE;
				CLANG_WARN_UNREACHABLE_CODE = YES;
				CLANG_WARN__DUPLICATE_METHOD_MATCH = YES;
				CODE_SIGN_IDENTITY = "iPhone Developer";
				COPY_PHASE_STRIP = NO;
				DEBUG_INFORMATION_FORMAT = dwarf;
				ENABLE_STRICT_OBJC_MSGSEND = YES;
				ENABLE_TESTABILITY = YES;
				GCC_C_LANGUAGE_STANDARD = gnu11;
				GCC_DYNAMIC_NO_PIC = NO;
				GCC_NO_COMMON_BLOCKS = YES;
				GCC_OPTIMIZATION_LEVEL = 0;
				GCC_PREPROCESSOR_DEFINITIONS = (
					"DEBUG=1",
					"$(inherited)",
				);
				GCC_WARN_64_TO_32_BIT_CONVERSION = YES;
				GCC_WARN_ABOUT_RETURN_TYPE = YES_ERROR;
				GCC_WARN_UNDECLARED_SELECTOR = YES;
				GCC_WARN_UNINITIALIZED_AUTOS = YES_AGGRESSIVE;
				GCC_WARN_UNUSED_FUNCTION = YES;
				GCC_WARN_UNUSED_VARIABLE = YES;
				IPHONEOS_DEPLOYMENT_TARGET = 11.4;
				MTL_ENABLE_DEBUG_INFO = YES;
				ONLY_ACTIVE_ARCH = YES;
				SDKROOT = iphoneos;
				SWIFT_ACTIVE_COMPILATION_CONDITIONS = DEBUG;
				SWIFT_OPTIMIZATION_LEVEL = "-Onone";
			};
			name = Debug;
		};
		17FBA423213D8DE20055C300 /* Release */ = {
			isa = XCBuildConfiguration;
			buildSettings = {
				ALWAYS_SEARCH_USER_PATHS = NO;
				APPLICATION_EXTENSION_API_ONLY = NO;
				CLANG_ANALYZER_NONNULL = YES;
				CLANG_ANALYZER_NUMBER_OBJECT_CONVERSION = YES_AGGRESSIVE;
				CLANG_CXX_LANGUAGE_STANDARD = "gnu++14";
				CLANG_CXX_LIBRARY = "libc++";
				CLANG_ENABLE_MODULES = YES;
				CLANG_ENABLE_OBJC_ARC = YES;
				CLANG_ENABLE_OBJC_WEAK = YES;
				CLANG_WARN_BLOCK_CAPTURE_AUTORELEASING = YES;
				CLANG_WARN_BOOL_CONVERSION = YES;
				CLANG_WARN_COMMA = YES;
				CLANG_WARN_CONSTANT_CONVERSION = YES;
				CLANG_WARN_DEPRECATED_OBJC_IMPLEMENTATIONS = YES;
				CLANG_WARN_DIRECT_OBJC_ISA_USAGE = YES_ERROR;
				CLANG_WARN_DOCUMENTATION_COMMENTS = YES;
				CLANG_WARN_EMPTY_BODY = YES;
				CLANG_WARN_ENUM_CONVERSION = YES;
				CLANG_WARN_INFINITE_RECURSION = YES;
				CLANG_WARN_INT_CONVERSION = YES;
				CLANG_WARN_NON_LITERAL_NULL_CONVERSION = YES;
				CLANG_WARN_OBJC_IMPLICIT_RETAIN_SELF = YES;
				CLANG_WARN_OBJC_LITERAL_CONVERSION = YES;
				CLANG_WARN_OBJC_ROOT_CLASS = YES_ERROR;
				CLANG_WARN_RANGE_LOOP_ANALYSIS = YES;
				CLANG_WARN_STRICT_PROTOTYPES = YES;
				CLANG_WARN_SUSPICIOUS_MOVE = YES;
				CLANG_WARN_UNGUARDED_AVAILABILITY = YES_AGGRESSIVE;
				CLANG_WARN_UNREACHABLE_CODE = YES;
				CLANG_WARN__DUPLICATE_METHOD_MATCH = YES;
				CODE_SIGN_IDENTITY = "iPhone Developer";
				COPY_PHASE_STRIP = NO;
				DEBUG_INFORMATION_FORMAT = "dwarf-with-dsym";
				ENABLE_NS_ASSERTIONS = NO;
				ENABLE_STRICT_OBJC_MSGSEND = YES;
				GCC_C_LANGUAGE_STANDARD = gnu11;
				GCC_NO_COMMON_BLOCKS = YES;
				GCC_WARN_64_TO_32_BIT_CONVERSION = YES;
				GCC_WARN_ABOUT_RETURN_TYPE = YES_ERROR;
				GCC_WARN_UNDECLARED_SELECTOR = YES;
				GCC_WARN_UNINITIALIZED_AUTOS = YES_AGGRESSIVE;
				GCC_WARN_UNUSED_FUNCTION = YES;
				GCC_WARN_UNUSED_VARIABLE = YES;
				IPHONEOS_DEPLOYMENT_TARGET = 11.4;
				MTL_ENABLE_DEBUG_INFO = NO;
				SDKROOT = iphoneos;
				SWIFT_COMPILATION_MODE = wholemodule;
				SWIFT_OPTIMIZATION_LEVEL = "-O";
				VALIDATE_PRODUCT = YES;
			};
			name = Release;
		};
		17FBA425213D8DE20055C300 /* Debug */ = {
			isa = XCBuildConfiguration;
			baseConfigurationReference = B86D77DA586FF3128247F6FC /* Pods-vibolKhmerKeyboard.debug.xcconfig */;
			buildSettings = {
				ALWAYS_EMBED_SWIFT_STANDARD_LIBRARIES = YES;
				ASSETCATALOG_COMPILER_APPICON_NAME = AppIcon;
				CODE_SIGN_ENTITLEMENTS = vibolKhmerKeyboard/vibolKhmerKeyboard.entitlements;
				CODE_SIGN_STYLE = Automatic;
				DEVELOPMENT_TEAM = KE649726B2;
				INFOPLIST_FILE = vibolKhmerKeyboard/Info.plist;
				LD_RUNPATH_SEARCH_PATHS = (
					"$(inherited)",
					"@executable_path/Frameworks",
				);
				PRODUCT_BUNDLE_IDENTIFIER = com.vibolroeun.vibolKhmerKeyboard;
				PRODUCT_NAME = "$(TARGET_NAME)";
				SWIFT_VERSION = 4.2;
				TARGETED_DEVICE_FAMILY = "1,2";
			};
			name = Debug;
		};
		17FBA426213D8DE20055C300 /* Release */ = {
			isa = XCBuildConfiguration;
			baseConfigurationReference = FBD9409B67C77E819CCAFC83 /* Pods-vibolKhmerKeyboard.release.xcconfig */;
			buildSettings = {
				ALWAYS_EMBED_SWIFT_STANDARD_LIBRARIES = YES;
				ASSETCATALOG_COMPILER_APPICON_NAME = AppIcon;
				CODE_SIGN_ENTITLEMENTS = vibolKhmerKeyboard/vibolKhmerKeyboard.entitlements;
				CODE_SIGN_STYLE = Automatic;
				DEVELOPMENT_TEAM = KE649726B2;
				INFOPLIST_FILE = vibolKhmerKeyboard/Info.plist;
				LD_RUNPATH_SEARCH_PATHS = (
					"$(inherited)",
					"@executable_path/Frameworks",
				);
				PRODUCT_BUNDLE_IDENTIFIER = com.vibolroeun.vibolKhmerKeyboard;
				PRODUCT_NAME = "$(TARGET_NAME)";
				SWIFT_VERSION = 4.2;
				TARGETED_DEVICE_FAMILY = "1,2";
			};
			name = Release;
		};
		17FBA434213D8E2E0055C300 /* Debug */ = {
			isa = XCBuildConfiguration;
			baseConfigurationReference = E14790DE72B16AE332B3722A /* Pods-vibolKeyboard.debug.xcconfig */;
			buildSettings = {
				APPLICATION_EXTENSION_API_ONLY = NO;
				CODE_SIGN_ENTITLEMENTS = vibolKeyboard/vibolKeyboard.entitlements;
				CODE_SIGN_STYLE = Automatic;
				DEVELOPMENT_TEAM = KE649726B2;
				INFOPLIST_FILE = vibolKeyboard/Info.plist;
				LD_RUNPATH_SEARCH_PATHS = (
					"$(inherited)",
					"@executable_path/Frameworks",
					"@executable_path/../../Frameworks",
				);
				PRODUCT_BUNDLE_IDENTIFIER = com.vibolroeun.vibolKhmerKeyboard.vibolKeyboard;
				PRODUCT_NAME = "$(TARGET_NAME)";
				SKIP_INSTALL = YES;
				SWIFT_VERSION = 4.2;
				TARGETED_DEVICE_FAMILY = "1,2";
			};
			name = Debug;
		};
		17FBA435213D8E2E0055C300 /* Release */ = {
			isa = XCBuildConfiguration;
			baseConfigurationReference = DE6169B4E6A16D7AA0AE4CD4 /* Pods-vibolKeyboard.release.xcconfig */;
			buildSettings = {
				APPLICATION_EXTENSION_API_ONLY = NO;
				CODE_SIGN_ENTITLEMENTS = vibolKeyboard/vibolKeyboard.entitlements;
				CODE_SIGN_STYLE = Automatic;
				DEVELOPMENT_TEAM = KE649726B2;
				INFOPLIST_FILE = vibolKeyboard/Info.plist;
				LD_RUNPATH_SEARCH_PATHS = (
					"$(inherited)",
					"@executable_path/Frameworks",
					"@executable_path/../../Frameworks",
				);
				PRODUCT_BUNDLE_IDENTIFIER = com.vibolroeun.vibolKhmerKeyboard.vibolKeyboard;
				PRODUCT_NAME = "$(TARGET_NAME)";
				SKIP_INSTALL = YES;
				SWIFT_VERSION = 4.2;
				TARGETED_DEVICE_FAMILY = "1,2";
			};
			name = Release;
		};
/* End XCBuildConfiguration section */

/* Begin XCConfigurationList section */
		17FBA40D213D8DDF0055C300 /* Build configuration list for PBXProject "vibolKhmerKeyboard" */ = {
			isa = XCConfigurationList;
			buildConfigurations = (
				17FBA422213D8DE20055C300 /* Debug */,
				17FBA423213D8DE20055C300 /* Release */,
			);
			defaultConfigurationIsVisible = 0;
			defaultConfigurationName = Release;
		};
		17FBA424213D8DE20055C300 /* Build configuration list for PBXNativeTarget "vibolKhmerKeyboard" */ = {
			isa = XCConfigurationList;
			buildConfigurations = (
				17FBA425213D8DE20055C300 /* Debug */,
				17FBA426213D8DE20055C300 /* Release */,
			);
			defaultConfigurationIsVisible = 0;
			defaultConfigurationName = Release;
		};
		17FBA433213D8E2E0055C300 /* Build configuration list for PBXNativeTarget "vibolKeyboard" */ = {
			isa = XCConfigurationList;
			buildConfigurations = (
				17FBA434213D8E2E0055C300 /* Debug */,
				17FBA435213D8E2E0055C300 /* Release */,
			);
			defaultConfigurationIsVisible = 0;
			defaultConfigurationName = Release;
		};
/* End XCConfigurationList section */
	};
	rootObject = 17FBA40A213D8DDF0055C300 /* Project object */;
}
